{
  "name": "mbr-rcon",
  "version": "1.0.3",
  "lockfileVersion": 1,
  "requires": true,
  "dependencies": {
    "mbr-buffer": {
      "version": "1.2.2",
      "resolved": "https://registry.npmjs.org/mbr-buffer/-/mbr-buffer-1.2.2.tgz",
      "integrity": "sha512-SkOkflldhAkYQweT2dP+qWXAQZ2C11//iAYU0GqfPNOtUUVD6Y8mBolq3fzufq7sAWO9qV7HguG6bJ6M2KULzQ=="
    },
    "mbr-queue": {
      "version": "1.0.3",
      "resolved": "https://registry.npmjs.org/mbr-queue/-/mbr-queue-1.0.3.tgz",
      "integrity": "sha512-u0tJHtLXrE8ImxCMZoZjWocn/9A1rV7m+GxaWh+GjMsHp3KjcVmGVKIb1IEiUH/vkwTJ9AuqwQCbd6h0qqyR+g=="
    },
    "mbr-test": {
      "version": "1.1.2",
      "resolved": "https://registry.npmjs.org/mbr-test/-/mbr-test-1.1.2.tgz",
      "integrity": "sha512-daCWDcHnNEBLitOkd+xWVeiYS5sqtiiKZ9ow4tM3srCr34QrOYlOoBYOYeZqsIPkjso2B4Xf1D7vXnpFrCkaxg==",
      "dev": true
    }
  }
}
